
Microsoft Visual Studio Solution File, Format Version 12.00
# Visual Studio 15
VisualStudioVersion = 15.0.27428.2015
MinimumVisualStudioVersion = 10.0.40219.1
Project("{FAE04EC0-301F-11D3-BF4B-00C04F79EFBC}") = "KiandraIT", "KiandraIT\KiandraIT.csproj", "{99FFFB3F-FE5A-4D21-A950-03826F043320}"
EndProject
Global
	GlobalSection(SolutionConfigurationPlatforms) = preSolution
		Debug|Any CPU = Debug|Any CPU
		Release|Any CPU = Release|Any CPU
	EndGlobalSection
	GlobalSection(ProjectConfigurationPlatforms) = postSolution
		{99FFFB3F-FE5A-4D21-A950-03826F043320}.Debug|Any CPU.ActiveCfg = Debug|Any CPU
		{99FFFB3F-FE5A-4D21-A950-03826F043320}.Debug|Any CPU.Build.0 = Debug|Any CPU
		{99FFFB3F-FE5A-4D21-A950-03826F043320}.Release|Any CPU.ActiveCfg = Release|Any CPU
		{99FFFB3F-FE5A-4D21-A950-03826F043320}.Release|Any CPU.Build.0 = Release|Any CPU
	EndGlobalSection
	GlobalSection(SolutionProperties) = preSolution
		HideSolutionNode = FALSE
	EndGlobalSection
	GlobalSection(ExtensibilityGlobals) = postSolution
		SolutionGuid = {9D9E87AB-9CB8-441B-A0E7-9B36C9C5AB23}
	EndGlobalSection
EndGlobal
